
Microsoft Visual Studio Solution File, Format Version 12.00
# Visual Studio Version 18
VisualStudioVersion = 18.9.12105.275
MinimumVisualStudioVersion = 10.0.40219.1
Project("{9A19103F-16F7-4668-BE54-9A1E7A4F7556}") = "ConsoleApp1", "ConsoleApp1\ConsoleApp1.csproj", "{86AF0AE0-BF6E-4532-8E9E-7F6D8B7DE644}"
	ProjectSection(ProjectDependencies) = postProject
		{AD8C72D1-A8D1-4E72-8AFA-E410324628D1} = {AD8C72D1-A8D1-4E72-8AFA-E410324628D1}
		{D51F9603-001B-4272-ABA9-62FDB20453BC} = {D51F9603-001B-4272-ABA9-62FDB20453BC}
		{E2BF760F-4A9E-45E8-A2EF-D4B1F9C9BBA9} = {E2BF760F-4A9E-45E8-A2EF-D4B1F9C9BBA9}
	EndProjectSection
EndProject
Project("{D954291E-2A0B-460D-934E-DC6B0785DB48}") = "uefi-cs", "uefi-cs\uefi-cs.shproj", "{03406847-825A-4359-8159-E1769BEE543F}"
EndProject
Project("{8BC9CEB8-8B4A-11D0-8D11-00A0C91BC942}") = "NativeLib", "NativeLib\NativeLib.vcxproj", "{D51F9603-001B-4272-ABA9-62FDB20453BC}"
EndProject
Project("{D954291E-2A0B-460D-934E-DC6B0785DB48}") = "NES", "NES\NES.shproj", "{43696811-9920-486A-8F6C-88B6F7F0B089}"
EndProject
Project("{8BC9CEB8-8B4A-11D0-8D11-00A0C91BC942}") = "doomgeneric", "doomgeneric\doomgeneric.vcxproj", "{AD8C72D1-A8D1-4E72-8AFA-E410324628D1}"
EndProject
Project("{8BC9CEB8-8B4A-11D0-8D11-00A0C91BC942}") = "quakegeneric", "quakegeneric\quakegeneric.vcxproj", "{E2BF760F-4A9E-45E8-A2EF-D4B1F9C9BBA9}"
EndProject
Project("{2150E333-8FDC-42A3-9474-1A3956D46DE8}") = "解决方案项", "解决方案项", "{4F3BB79A-0A62-4DC3-ABC9-DC970BF0DD66}"
	ProjectSection(SolutionItems) = preProject
		Directory.Build.targets = Directory.Build.targets
		Directory.Build.props = Directory.Build.props
		Qemu.targets = Qemu.targets
		nuget.config = nuget.config
	EndProjectSection
EndProject
Global
	GlobalSection(SolutionConfigurationPlatforms) = preSolution
		Debug|Any CPU = Debug|Any CPU
		Debug|x64 = Debug|x64
		Debug|x86 = Debug|x86
		Release|Any CPU = Release|Any CPU
		Release|x64 = Release|x64
		Release|x86 = Release|x86
	EndGlobalSection
	GlobalSection(ProjectConfigurationPlatforms) = postSolution
		{86AF0AE0-BF6E-4532-8E9E-7F6D8B7DE644}.Debug|Any CPU.ActiveCfg = Debug|Any CPU
		{86AF0AE0-BF6E-4532-8E9E-7F6D8B7DE644}.Debug|Any CPU.Build.0 = Debug|Any CPU
		{86AF0AE0-BF6E-4532-8E9E-7F6D8B7DE644}.Debug|x64.ActiveCfg = Debug|Any CPU
		{86AF0AE0-BF6E-4532-8E9E-7F6D8B7DE644}.Debug|x64.Build.0 = Debug|Any CPU
		{86AF0AE0-BF6E-4532-8E9E-7F6D8B7DE644}.Debug|x86.ActiveCfg = Debug|Any CPU
		{86AF0AE0-BF6E-4532-8E9E-7F6D8B7DE644}.Debug|x86.Build.0 = Debug|Any CPU
		{86AF0AE0-BF6E-4532-8E9E-7F6D8B7DE644}.Release|Any CPU.ActiveCfg = Release|Any CPU
		{86AF0AE0-BF6E-4532-8E9E-7F6D8B7DE644}.Release|Any CPU.Build.0 = Release|Any CPU
		{86AF0AE0-BF6E-4532-8E9E-7F6D8B7DE644}.Release|x64.ActiveCfg = Release|Any CPU
		{86AF0AE0-BF6E-4532-8E9E-7F6D8B7DE644}.Release|x64.Build.0 = Release|Any CPU
		{86AF0AE0-BF6E-4532-8E9E-7F6D8B7DE644}.Release|x86.ActiveCfg = Release|Any CPU
		{86AF0AE0-BF6E-4532-8E9E-7F6D8B7DE644}.Release|x86.Build.0 = Release|Any CPU
		{D51F9603-001B-4272-ABA9-62FDB20453BC}.Debug|Any CPU.ActiveCfg = Debug|x64
		{D51F9603-001B-4272-ABA9-62FDB20453BC}.Debug|Any CPU.Build.0 = Debug|x64
		{D51F9603-001B-4272-ABA9-62FDB20453BC}.Debug|x64.ActiveCfg = Debug|x64
		{D51F9603-001B-4272-ABA9-62FDB20453BC}.Debug|x64.Build.0 = Debug|x64
		{D51F9603-001B-4272-ABA9-62FDB20453BC}.Debug|x86.ActiveCfg = Debug|Win32
		{D51F9603-001B-4272-ABA9-62FDB20453BC}.Debug|x86.Build.0 = Debug|Win32
		{D51F9603-001B-4272-ABA9-62FDB20453BC}.Release|Any CPU.ActiveCfg = Release|x64
		{D51F9603-001B-4272-ABA9-62FDB20453BC}.Release|Any CPU.Build.0 = Release|x64
		{D51F9603-001B-4272-ABA9-62FDB20453BC}.Release|x64.ActiveCfg = Release|x64
		{D51F9603-001B-4272-ABA9-62FDB20453BC}.Release|x64.Build.0 = Release|x64
		{D51F9603-001B-4272-ABA9-62FDB20453BC}.Release|x86.ActiveCfg = Release|Win32
		{D51F9603-001B-4272-ABA9-62FDB20453BC}.Release|x86.Build.0 = Release|Win32
		{AD8C72D1-A8D1-4E72-8AFA-E410324628D1}.Debug|Any CPU.ActiveCfg = Debug|x64
		{AD8C72D1-A8D1-4E72-8AFA-E410324628D1}.Debug|Any CPU.Build.0 = Debug|x64
		{AD8C72D1-A8D1-4E72-8AFA-E410324628D1}.Debug|x64.ActiveCfg = Debug|x64
		{AD8C72D1-A8D1-4E72-8AFA-E410324628D1}.Debug|x64.Build.0 = Debug|x64
		{AD8C72D1-A8D1-4E72-8AFA-E410324628D1}.Debug|x86.ActiveCfg = Debug|Win32
		{AD8C72D1-A8D1-4E72-8AFA-E410324628D1}.Debug|x86.Build.0 = Debug|Win32
		{AD8C72D1-A8D1-4E72-8AFA-E410324628D1}.Release|Any CPU.ActiveCfg = Release|x64
		{AD8C72D1-A8D1-4E72-8AFA-E410324628D1}.Release|Any CPU.Build.0 = Release|x64
		{AD8C72D1-A8D1-4E72-8AFA-E410324628D1}.Release|x64.ActiveCfg = Release|x64
		{AD8C72D1-A8D1-4E72-8AFA-E410324628D1}.Release|x64.Build.0 = Release|x64
		{AD8C72D1-A8D1-4E72-8AFA-E410324628D1}.Release|x86.ActiveCfg = Release|Win32
		{AD8C72D1-A8D1-4E72-8AFA-E410324628D1}.Release|x86.Build.0 = Release|Win32
		{E2BF760F-4A9E-45E8-A2EF-D4B1F9C9BBA9}.Debug|Any CPU.ActiveCfg = Debug|x64
		{E2BF760F-4A9E-45E8-A2EF-D4B1F9C9BBA9}.Debug|Any CPU.Build.0 = Debug|x64
		{E2BF760F-4A9E-45E8-A2EF-D4B1F9C9BBA9}.Debug|x64.ActiveCfg = Debug|x64
		{E2BF760F-4A9E-45E8-A2EF-D4B1F9C9BBA9}.Debug|x64.Build.0 = Debug|x64
		{E2BF760F-4A9E-45E8-A2EF-D4B1F9C9BBA9}.Debug|x86.ActiveCfg = Debug|Win32
		{E2BF760F-4A9E-45E8-A2EF-D4B1F9C9BBA9}.Debug|x86.Build.0 = Debug|Win32
		{E2BF760F-4A9E-45E8-A2EF-D4B1F9C9BBA9}.Release|Any CPU.ActiveCfg = Release|x64
		{E2BF760F-4A9E-45E8-A2EF-D4B1F9C9BBA9}.Release|Any CPU.Build.0 = Release|x64
		{E2BF760F-4A9E-45E8-A2EF-D4B1F9C9BBA9}.Release|x64.ActiveCfg = Release|x64
		{E2BF760F-4A9E-45E8-A2EF-D4B1F9C9BBA9}.Release|x64.Build.0 = Release|x64
		{E2BF760F-4A9E-45E8-A2EF-D4B1F9C9BBA9}.Release|x86.ActiveCfg = Release|Win32
		{E2BF760F-4A9E-45E8-A2EF-D4B1F9C9BBA9}.Release|x86.Build.0 = Release|Win32
	EndGlobalSection
	GlobalSection(SolutionProperties) = preSolution
		HideSolutionNode = FALSE
	EndGlobalSection
	GlobalSection(ExtensibilityGlobals) = postSolution
		SolutionGuid = {18B9E75A-70E1-49A9-9624-1DB382AB2720}
	EndGlobalSection
	GlobalSection(SharedMSBuildProjectFiles) = preSolution
		uefi-cs\uefi-cs.projitems*{03406847-825a-4359-8159-e1769bee543f}*SharedItemsImports = 13
		NES\NES.projitems*{43696811-9920-486a-8f6c-88b6f7f0b089}*SharedItemsImports = 13
		NES\NES.projitems*{86af0ae0-bf6e-4532-8e9e-7f6d8b7de644}*SharedItemsImports = 5
		uefi-cs\uefi-cs.projitems*{86af0ae0-bf6e-4532-8e9e-7f6d8b7de644}*SharedItemsImports = 5
	EndGlobalSection
EndGlobal
